
Microsoft Visual Studio Solution File, Format Version 12.00
# Visual Studio Version 16
VisualStudioVersion = 16.0.31025.194
MinimumVisualStudioVersion = 10.0.40219.1
Project("{9A19103F-16F7-4668-BE54-9A1E7A4F7556}") = "ContactsAppUI", "ContactsAppUI\ContactsAppUI.csproj", "{0A7163B3-2FCC-4171-AD30-04A45EA4FB7B}"
EndProject
Project("{FAE04EC0-301F-11D3-BF4B-00C04F79EFBC}") = "ContactsAppBLL", "ContactsAppBLL\ContactsAppBLL.csproj", "{4EAB8757-001D-4E20-8140-13DB54E4204D}"
EndProject
Project("{FAE04EC0-301F-11D3-BF4B-00C04F79EFBC}") = "ContactsApp.UnitTests", "ContactsApp.UnitTests\ContactsApp.UnitTests.csproj", "{18B2A843-0723-4AD3-A191-0CFFAED4689C}"
EndProject
Global
	GlobalSection(SolutionConfigurationPlatforms) = preSolution
		Debug|Any CPU = Debug|Any CPU
		Release|Any CPU = Release|Any CPU
	EndGlobalSection
	GlobalSection(ProjectConfigurationPlatforms) = postSolution
		{0A7163B3-2FCC-4171-AD30-04A45EA4FB7B}.Debug|Any CPU.ActiveCfg = Debug|Any CPU
		{0A7163B3-2FCC-4171-AD30-04A45EA4FB7B}.Debug|Any CPU.Build.0 = Debug|Any CPU
		{0A7163B3-2FCC-4171-AD30-04A45EA4FB7B}.Release|Any CPU.ActiveCfg = Release|Any CPU
		{0A7163B3-2FCC-4171-AD30-04A45EA4FB7B}.Release|Any CPU.Build.0 = Release|Any CPU
		{4EAB8757-001D-4E20-8140-13DB54E4204D}.Debug|Any CPU.ActiveCfg = Debug|Any CPU
		{4EAB8757-001D-4E20-8140-13DB54E4204D}.Debug|Any CPU.Build.0 = Debug|Any CPU
		{4EAB8757-001D-4E20-8140-13DB54E4204D}.Release|Any CPU.ActiveCfg = Release|Any CPU
		{4EAB8757-001D-4E20-8140-13DB54E4204D}.Release|Any CPU.Build.0 = Release|Any CPU
		{18B2A843-0723-4AD3-A191-0CFFAED4689C}.Debug|Any CPU.ActiveCfg = Debug|Any CPU
		{18B2A843-0723-4AD3-A191-0CFFAED4689C}.Debug|Any CPU.Build.0 = Debug|Any CPU
		{18B2A843-0723-4AD3-A191-0CFFAED4689C}.Release|Any CPU.ActiveCfg = Release|Any CPU
		{18B2A843-0723-4AD3-A191-0CFFAED4689C}.Release|Any CPU.Build.0 = Release|Any CPU
	EndGlobalSection
	GlobalSection(SolutionProperties) = preSolution
		HideSolutionNode = FALSE
	EndGlobalSection
	GlobalSection(ExtensibilityGlobals) = postSolution
		SolutionGuid = {7F991E49-8CC7-4B96-8E08-4CD339D51FD4}
	EndGlobalSection
EndGlobal
